
Microsoft Visual Studio Solution File, Format Version 12.00
# Visual Studio Version 16
VisualStudioVersion = 16.0.32630.194
MinimumVisualStudioVersion = 10.0.40219.1
Project("{FAE04EC0-301F-11D3-BF4B-00C04F79EFBC}") = "WebApiDelivery", "WebApiDelivery.csproj", "{609AC867-218E-4254-8C71-19F2374CFF9C}"
EndProject
Global
	GlobalSection(SolutionConfigurationPlatforms) = preSolution
		Debug|Any CPU = Debug|Any CPU
		Release|Any CPU = Release|Any CPU
	EndGlobalSection
	GlobalSection(ProjectConfigurationPlatforms) = postSolution
		{609AC867-218E-4254-8C71-19F2374CFF9C}.Debug|Any CPU.ActiveCfg = Debug|Any CPU
		{609AC867-218E-4254-8C71-19F2374CFF9C}.Debug|Any CPU.Build.0 = Debug|Any CPU
		{609AC867-218E-4254-8C71-19F2374CFF9C}.Release|Any CPU.ActiveCfg = Release|Any CPU
		{609AC867-218E-4254-8C71-19F2374CFF9C}.Release|Any CPU.Build.0 = Release|Any CPU
	EndGlobalSection
	GlobalSection(SolutionProperties) = preSolution
		HideSolutionNode = FALSE
	EndGlobalSection
	GlobalSection(ExtensibilityGlobals) = postSolution
		SolutionGuid = {FA56A0E8-13E8-4ABB-A0B6-A956ADD95686}
	EndGlobalSection
EndGlobal
